
Microsoft Visual Studio Solution File, Format Version 12.00
# Visual Studio 15
VisualStudioVersion = 15.0.28307.1433
MinimumVisualStudioVersion = 10.0.40219.1
Project("{FAE04EC0-301F-11D3-BF4B-00C04F79EFBC}") = "LolWeb", "LolWeb\LolWeb.csproj", "{E2E98AA7-F7BE-4515-AC80-8F9E2357BA15}"
EndProject
Global
	GlobalSection(SolutionConfigurationPlatforms) = preSolution
		Debug|Any CPU = Debug|Any CPU
		Release|Any CPU = Release|Any CPU
	EndGlobalSection
	GlobalSection(ProjectConfigurationPlatforms) = postSolution
		{E2E98AA7-F7BE-4515-AC80-8F9E2357BA15}.Debug|Any CPU.ActiveCfg = Debug|Any CPU
		{E2E98AA7-F7BE-4515-AC80-8F9E2357BA15}.Debug|Any CPU.Build.0 = Debug|Any CPU
		{E2E98AA7-F7BE-4515-AC80-8F9E2357BA15}.Release|Any CPU.ActiveCfg = Release|Any CPU
		{E2E98AA7-F7BE-4515-AC80-8F9E2357BA15}.Release|Any CPU.Build.0 = Release|Any CPU
	EndGlobalSection
	GlobalSection(SolutionProperties) = preSolution
		HideSolutionNode = FALSE
	EndGlobalSection
	GlobalSection(ExtensibilityGlobals) = postSolution
		SolutionGuid = {F5E471A5-2E56-44CA-829B-8DDC4D1C6206}
	EndGlobalSection
EndGlobal
